// !$*UTF8*$!
{
	archiveVersion = 1;
	classes = {
	};
	objectVersion = 50;
	objects = {

/* Begin PBXBuildFile section */
		6FDC6E1124E31B590014ADFC /* AppDelegate.swift in Sources */ = {isa = PBXBuildFile; fileRef = 6FDC6E1024E31B590014ADFC /* AppDelegate.swift */; };
		6FDC6E1324E31B590014ADFC /* SceneDelegate.swift in Sources */ = {isa = PBXBuildFile; fileRef = 6FDC6E1224E31B590014ADFC /* SceneDelegate.swift */; };
		6FDC6E1524E31B590014ADFC /* ViewController.swift in Sources */ = {isa = PBXBuildFile; fileRef = 6FDC6E1424E31B590014ADFC /* ViewController.swift */; };
		6FDC6E1824E31B590014ADFC /* Main.storyboard in Resources */ = {isa = PBXBuildFile; fileRef = 6FDC6E1624E31B590014ADFC /* Main.storyboard */; };
		6FDC6E1B24E31B590014ADFC /* Akili_L_TextExercise.xcdatamodeld in Sources */ = {isa = PBXBuildFile; fileRef = 6FDC6E1924E31B590014ADFC /* Akili_L_TextExercise.xcdatamodeld */; };
		6FDC6E1D24E31B5C0014ADFC /* Assets.xcassets in Resources */ = {isa = PBXBuildFile; fileRef = 6FDC6E1C24E31B5C0014ADFC /* Assets.xcassets */; };
		6FDC6E2024E31B5C0014ADFC /* LaunchScreen.storyboard in Resources */ = {isa = PBXBuildFile; fileRef = 6FDC6E1E24E31B5C0014ADFC /* LaunchScreen.storyboard */; };
		6FDC6E2B24E31B5C0014ADFC /* Akili_L_TextExerciseTests.swift in Sources */ = {isa = PBXBuildFile; fileRef = 6FDC6E2A24E31B5C0014ADFC /* Akili_L_TextExerciseTests.swift */; };
		6FDC6E3624E31B5C0014ADFC /* Akili_L_TextExerciseUITests.swift in Sources */ = {isa = PBXBuildFile; fileRef = 6FDC6E3524E31B5C0014ADFC /* Akili_L_TextExerciseUITests.swift */; };
		6FDC6E4424E320A60014ADFC /* thumbnail_IMG_7172.jpg in Resources */ = {isa = PBXBuildFile; fileRef = 6FDC6E4324E320A60014ADFC /* thumbnail_IMG_7172.jpg */; };
/* End PBXBuildFile section */

/* Begin PBXContainerItemProxy section */
		6FDC6E2724E31B5C0014ADFC /* PBXContainerItemProxy */ = {
			isa = PBXContainerItemProxy;
			containerPortal = 6FDC6E0524E31B590014ADFC /* Project object */;
			proxyType = 1;
			remoteGlobalIDString = 6FDC6E0C24E31B590014ADFC;
			remoteInfo = Akili_L_TextExercise;
		};
		6FDC6E3224E31B5C0014ADFC /* PBXContainerItemProxy */ = {
			isa = PBXContainerItemProxy;
			containerPortal = 6FDC6E0524E31B590014ADFC /* Project object */;
			proxyType = 1;
			remoteGlobalIDString = 6FDC6E0C24E31B590014ADFC;
			remoteInfo = Akili_L_TextExercise;
		};
/* End PBXContainerItemProxy section */

/* Begin PBXFileReference section */
		6FDC6E0D24E31B590014ADFC /* Akili_L_TextExercise.app */ = {isa = PBXFileReference; explicitFileType = wrapper.application; includeInIndex = 0; path = Akili_L_TextExercise.app; sourceTree = BUILT_PRODUCTS_DIR; };
		6FDC6E1024E31B590014ADFC /* AppDelegate.swift */ = {isa = PBXFileReference; lastKnownFileType = sourcecode.swift; path = AppDelegate.swift; sourceTree = "<group>"; };
		6FDC6E1224E31B590014ADFC /* SceneDelegate.swift */ = {isa = PBXFileReference; lastKnownFileType = sourcecode.swift; path = SceneDelegate.swift; sourceTree = "<group>"; };
		6FDC6E1424E31B590014ADFC /* ViewController.swift */ = {isa = PBXFileReference; lastKnownFileType = sourcecode.swift; path = ViewController.swift; sourceTree = "<group>"; };
		6FDC6E1724E31B590014ADFC /* Base */ = {isa = PBXFileReference; lastKnownFileType = file.storyboard; name = Base; path = Base.lproj/Main.storyboard; sourceTree = "<group>"; };
		6FDC6E1A24E31B590014ADFC /* Akili_L_TextExercise.xcdatamodel */ = {isa = PBXFileReference; lastKnownFileType = wrapper.xcdatamodel; path = Akili_L_TextExercise.xcdatamodel; sourceTree = "<group>"; };
		6FDC6E1C24E31B5C0014ADFC /* Assets.xcassets */ = {isa = PBXFileReference; lastKnownFileType = folder.assetcatalog; path = Assets.xcassets; sourceTree = "<group>"; };
		6FDC6E1F24E31B5C0014ADFC /* Base */ = {isa = PBXFileReference; lastKnownFileType = file.storyboard; name = Base; path = Base.lproj/LaunchScreen.storyboard; sourceTree = "<group>"; };
		6FDC6E2124E31B5C0014ADFC /* Info.plist */ = {isa = PBXFileReference; lastKnownFileType = text.plist.xml; path = Info.plist; sourceTree = "<group>"; };
		6FDC6E2624E31B5C0014ADFC /* Akili_L_TextExerciseTests.xctest */ = {isa = PBXFileReference; explicitFileType = wrapper.cfbundle; includeInIndex = 0; path = Akili_L_TextExerciseTests.xctest; sourceTree = BUILT_PRODUCTS_DIR; };
		6FDC6E2A24E31B5C0014ADFC /* Akili_L_TextExerciseTests.swift */ = {isa = PBXFileReference; lastKnownFileType = sourcecode.swift; path = Akili_L_TextExerciseTests.swift; sourceTree = "<group>"; };
		6FDC6E2C24E31B5C0014ADFC /* Info.plist */ = {isa = PBXFileReference; lastKnownFileType = text.plist.xml; path = Info.plist; sourceTree = "<group>"; };
		6FDC6E3124E31B5C0014ADFC /* Akili_L_TextExerciseUITests.xctest */ = {isa = PBXFileReference; explicitFileType = wrapper.cfbundle; includeInIndex = 0; path = Akili_L_TextExerciseUITests.xctest; sourceTree = BUILT_PRODUCTS_DIR; };
		6FDC6E3524E31B5C0014ADFC /* Akili_L_TextExerciseUITests.swift */ = {isa = PBXFileReference; lastKnownFileType = sourcecode.swift; path = Akili_L_TextExerciseUITests.swift; sourceTree = "<group>"; };
		6FDC6E3724E31B5C0014ADFC /* Info.plist */ = {isa = PBXFileReference; lastKnownFileType = text.plist.xml; path = Info.plist; sourceTree = "<group>"; };
		6FDC6E4324E320A60014ADFC /* thumbnail_IMG_7172.jpg */ = {isa = PBXFileReference; lastKnownFileType = image.jpeg; path = thumbnail_IMG_7172.jpg; sourceTree = "<group>"; };
/* End PBXFileReference section */

/* Begin PBXFrameworksBuildPhase section */
		6FDC6E0A24E31B590014ADFC /* Frameworks */ = {
			isa = PBXFrameworksBuildPhase;
			buildActionMask = 2147483647;
			files = (
			);
			runOnlyForDeploymentPostprocessing = 0;
		};
		6FDC6E2324E31B5C0014ADFC /* Frameworks */ = {
			isa = PBXFrameworksBuildPhase;
			buildActionMask = 2147483647;
			files = (
			);
			runOnlyForDeploymentPostprocessing = 0;
		};
		6FDC6E2E24E31B5C0014ADFC /* Frameworks */ = {
			isa = PBXFrameworksBuildPhase;
			buildActionMask = 2147483647;
			files = (
			);
			runOnlyForDeploymentPostprocessing = 0;
		};
/* End PBXFrameworksBuildPhase section */

/* Begin PBXGroup section */
		6FDC6E0424E31B590014ADFC = {
			isa = PBXGroup;
			children = (
				6FDC6E0F24E31B590014ADFC /* Akili_L_TextExercise */,
				6FDC6E2924E31B5C0014ADFC /* Akili_L_TextExerciseTests */,
				6FDC6E3424E31B5C0014ADFC /* Akili_L_TextExerciseUITests */,
				6FDC6E0E24E31B590014ADFC /* Products */,
			);
			sourceTree = "<group>";
		};
		6FDC6E0E24E31B590014ADFC /* Products */ = {
			isa = PBXGroup;
			children = (
				6FDC6E0D24E31B590014ADFC /* Akili_L_TextExercise.app */,
				6FDC6E2624E31B5C0014ADFC /* Akili_L_TextExerciseTests.xctest */,
				6FDC6E3124E31B5C0014ADFC /* Akili_L_TextExerciseUITests.xctest */,
			);
			name = Products;
			sourceTree = "<group>";
		};
		6FDC6E0F24E31B590014ADFC /* Akili_L_TextExercise */ = {
			isa = PBXGroup;
			children = (
				6FDC6E1024E31B590014ADFC /* AppDelegate.swift */,
				6FDC6E1224E31B590014ADFC /* SceneDelegate.swift */,
				6FDC6E1424E31B590014ADFC /* ViewController.swift */,
				6FDC6E1624E31B590014ADFC /* Main.storyboard */,
				6FDC6E4324E320A60014ADFC /* thumbnail_IMG_7172.jpg */,
				6FDC6E1C24E31B5C0014ADFC /* Assets.xcassets */,
				6FDC6E1E24E31B5C0014ADFC /* LaunchScreen.storyboard */,
				6FDC6E2124E31B5C0014ADFC /* Info.plist */,
				6FDC6E1924E31B590014ADFC /* Akili_L_TextExercise.xcdatamodeld */,
			);
			path = Akili_L_TextExercise;
			sourceTree = "<group>";
		};
		6FDC6E2924E31B5C0014ADFC /* Akili_L_TextExerciseTests */ = {
			isa = PBXGroup;
			children = (
				6FDC6E2A24E31B5C0014ADFC /* Akili_L_TextExerciseTests.swift */,
				6FDC6E2C24E31B5C0014ADFC /* Info.plist */,
			);
			path = Akili_L_TextExerciseTests;
			sourceTree = "<group>";
		};
		6FDC6E3424E31B5C0014ADFC /* Akili_L_TextExerciseUITests */ = {
			isa = PBXGroup;
			children = (
				6FDC6E3524E31B5C0014ADFC /* Akili_L_TextExerciseUITests.swift */,
				6FDC6E3724E31B5C0014ADFC /* Info.plist */,
			);
			path = Akili_L_TextExerciseUITests;
			sourceTree = "<group>";
		};
/* End PBXGroup section */

/* Begin PBXNativeTarget section */
		6FDC6E0C24E31B590014ADFC /* Akili_L_TextExercise */ = {
			isa = PBXNativeTarget;
			buildConfigurationList = 6FDC6E3A24E31B5C0014ADFC /* Build configuration list for PBXNativeTarget "Akili_L_TextExercise" */;
			buildPhases = (
				6FDC6E0924E31B590014ADFC /* Sources */,
				6FDC6E0A24E31B590014ADFC /* Frameworks */,
				6FDC6E0B24E31B590014ADFC /* Resources */,
			);
			buildRules = (
			);
			dependencies = (
			);
			name = Akili_L_TextExercise;
			productName = Akili_L_TextExercise;
			productReference = 6FDC6E0D24E31B590014ADFC /* Akili_L_TextExercise.app */;
			productType = "com.apple.product-type.application";
		};
		6FDC6E2524E31B5C0014ADFC /* Akili_L_TextExerciseTests */ = {
			isa = PBXNativeTarget;
			buildConfigurationList = 6FDC6E3D24E31B5C0014ADFC /* Build configuration list for PBXNativeTarget "Akili_L_TextExerciseTests" */;
			buildPhases = (
				6FDC6E2224E31B5C0014ADFC /* Sources */,
				6FDC6E2324E31B5C0014ADFC /* Frameworks */,
				6FDC6E2424E31B5C0014ADFC /* Resources */,
			);
			buildRules = (
			);
			dependencies = (
				6FDC6E2824E31B5C0014ADFC /* PBXTargetDependency */,
			);
			name = Akili_L_TextExerciseTests;
			productName = Akili_L_TextExerciseTests;
			productReference = 6FDC6E2624E31B5C0014ADFC /* Akili_L_TextExerciseTests.xctest */;
			productType = "com.apple.product-type.bundle.unit-test";
		};
		6FDC6E3024E31B5C0014ADFC /* Akili_L_TextExerciseUITests */ = {
			isa = PBXNativeTarget;
			buildConfigurationList = 6FDC6E4024E31B5C0014ADFC /* Build configuration list for PBXNativeTarget "Akili_L_TextExerciseUITests" */;
			buildPhases = (
				6FDC6E2D24E31B5C0014ADFC /* Sources */,
				6FDC6E2E24E31B5C0014ADFC /* Frameworks */,
				6FDC6E2F24E31B5C0014ADFC /* Resources */,
			);
			buildRules = (
			);
			dependencies = (
				6FDC6E3324E31B5C0014ADFC /* PBXTargetDependency */,
			);
			name = Akili_L_TextExerciseUITests;
			productName = Akili_L_TextExerciseUITests;
			productReference = 6FDC6E3124E31B5C0014ADFC /* Akili_L_TextExerciseUITests.xctest */;
			productType = "com.apple.product-type.bundle.ui-testing";
		};
/* End PBXNativeTarget section */

/* Begin PBXProject section */
		6FDC6E0524E31B590014ADFC /* Project object */ = {
			isa = PBXProject;
			attributes = {
				LastSwiftUpdateCheck = 1130;
				LastUpgradeCheck = 1130;
				ORGANIZATIONNAME = "Akili London";
				TargetAttributes = {
					6FDC6E0C24E31B590014ADFC = {
						CreatedOnToolsVersion = 11.3.1;
					};
					6FDC6E2524E31B5C0014ADFC = {
						CreatedOnToolsVersion = 11.3.1;
						TestTargetID = 6FDC6E0C24E31B590014ADFC;
					};
					6FDC6E3024E31B5C0014ADFC = {
						CreatedOnToolsVersion = 11.3.1;
						TestTargetID = 6FDC6E0C24E31B590014ADFC;
					};
				};
			};
			buildConfigurationList = 6FDC6E0824E31B590014ADFC /* Build configuration list for PBXProject "Akili_L_TextExercise" */;
			compatibilityVersion = "Xcode 9.3";
			developmentRegion = en;
			hasScannedForEncodings = 0;
			knownRegions = (
				en,
				Base,
			);
			mainGroup = 6FDC6E0424E31B590014ADFC;
			productRefGroup = 6FDC6E0E24E31B590014ADFC /* Products */;
			projectDirPath = "";
			projectRoot = "";
			targets = (
				6FDC6E0C24E31B590014ADFC /* Akili_L_TextExercise */,
				6FDC6E2524E31B5C0014ADFC /* Akili_L_TextExerciseTests */,
				6FDC6E3024E31B5C0014ADFC /* Akili_L_TextExerciseUITests */,
			);
		};
/* End PBXProject section */

/* Begin PBXResourcesBuildPhase section */
		6FDC6E0B24E31B590014ADFC /* Resources */ = {
			isa = PBXResourcesBuildPhase;
			buildActionMask = 2147483647;
			files = (
				6FDC6E2024E31B5C0014ADFC /* LaunchScreen.storyboard in Resources */,
				6FDC6E4424E320A60014ADFC /* thumbnail_IMG_7172.jpg in Resources */,
				6FDC6E1D24E31B5C0014ADFC /* Assets.xcassets in Resources */,
				6FDC6E1824E31B590014ADFC /* Main.storyboard in Resources */,
			);
			runOnlyForDeploymentPostprocessing = 0;
		};
		6FDC6E2424E31B5C0014ADFC /* Resources */ = {
			isa = PBXResourcesBuildPhase;
			buildActionMask = 2147483647;
			files = (
			);
			runOnlyForDeploymentPostprocessing = 0;
		};
		6FDC6E2F24E31B5C0014ADFC /* Resources */ = {
			isa = PBXResourcesBuildPhase;
			buildActionMask = 2147483647;
			files = (
			);
			runOnlyForDeploymentPostprocessing = 0;
		};
/* End PBXResourcesBuildPhase section */

/* Begin PBXSourcesBuildPhase section */
		6FDC6E0924E31B590014ADFC /* Sources */ = {
			isa = PBXSourcesBuildPhase;
			buildActionMask = 2147483647;
			files = (
				6FDC6E1524E31B590014ADFC /* ViewController.swift in Sources */,
				6FDC6E1124E31B590014ADFC /* AppDelegate.swift in Sources */,
				6FDC6E1B24E31B590014ADFC /* Akili_L_TextExercise.xcdatamodeld in Sources */,
				6FDC6E1324E31B590014ADFC /* SceneDelegate.swift in Sources */,
			);
			runOnlyForDeploymentPostprocessing = 0;
		};
		6FDC6E2224E31B5C0014ADFC /* Sources */ = {
			isa = PBXSourcesBuildPhase;
			buildActionMask = 2147483647;
			files = (
				6FDC6E2B24E31B5C0014ADFC /* Akili_L_TextExerciseTests.swift in Sources */,
			);
			runOnlyForDeploymentPostprocessing = 0;
		};
		6FDC6E2D24E31B5C0014ADFC /* Sources */ = {
			isa = PBXSourcesBuildPhase;
			buildActionMask = 2147483647;
			files = (
				6FDC6E3624E31B5C0014ADFC /* Akili_L_TextExerciseUITests.swift in Sources */,
			);
			runOnlyForDeploymentPostprocessing = 0;
		};
/* End PBXSourcesBuildPhase section */

/* Begin PBXTargetDependency section */
		6FDC6E2824E31B5C0014ADFC /* PBXTargetDependency */ = {
			isa = PBXTargetDependency;
			target = 6FDC6E0C24E31B590014ADFC /* Akili_L_TextExercise */;
			targetProxy = 6FDC6E2724E31B5C0014ADFC /* PBXContainerItemProxy */;
		};
		6FDC6E3324E31B5C0014ADFC /* PBXTargetDependency */ = {
			isa = PBXTargetDependency;
			target = 6FDC6E0C24E31B590014ADFC /* Akili_L_TextExercise */;
			targetProxy = 6FDC6E3224E31B5C0014ADFC /* PBXContainerItemProxy */;
		};
/* End PBXTargetDependency section */

/* Begin PBXVariantGroup section */
		6FDC6E1624E31B590014ADFC /* Main.storyboard */ = {
			isa = PBXVariantGroup;
			children = (
				6FDC6E1724E31B590014ADFC /* Base */,
			);
			name = Main.storyboard;
			sourceTree = "<group>";
		};
		6FDC6E1E24E31B5C0014ADFC /* LaunchScreen.storyboard */ = {
			isa = PBXVariantGroup;
			children = (
				6FDC6E1F24E31B5C0014ADFC /* Base */,
			);
			name = LaunchScreen.storyboard;
			sourceTree = "<group>";
		};
/* End PBXVariantGroup section */

/* Begin XCBuildConfiguration section */
		6FDC6E3824E31B5C0014ADFC /* Debug */ = {
			isa = XCBuildConfiguration;
			buildSettings = {
				ALWAYS_SEARCH_USER_PATHS = NO;
				CLANG_ANALYZER_NONNULL = YES;
				CLANG_ANALYZER_NUMBER_OBJECT_CONVERSION = YES_AGGRESSIVE;
				CLANG_CXX_LANGUAGE_STANDARD = "gnu++14";
				CLANG_CXX_LIBRARY = "libc++";
				CLANG_ENABLE_MODULES = YES;
				CLANG_ENABLE_OBJC_ARC = YES;
				CLANG_ENABLE_OBJC_WEAK = YES;
				CLANG_WARN_BLOCK_CAPTURE_AUTORELEASING = YES;
				CLANG_WARN_BOOL_CONVERSION = YES;
				CLANG_WARN_COMMA = YES;
				CLANG_WARN_CONSTANT_CONVERSION = YES;
				CLANG_WARN_DEPRECATED_OBJC_IMPLEMENTATIONS = YES;
				CLANG_WARN_DIRECT_OBJC_ISA_USAGE = YES_ERROR;
				CLANG_WARN_DOCUMENTATION_COMMENTS = YES;
				CLANG_WARN_EMPTY_BODY = YES;
				CLANG_WARN_ENUM_CONVERSION = YES;
				CLANG_WARN_INFINITE_RECURSION = YES;
				CLANG_WARN_INT_CONVERSION = YES;
				CLANG_WARN_NON_LITERAL_NULL_CONVERSION = YES;
				CLANG_WARN_OBJC_IMPLICIT_RETAIN_SELF = YES;
				CLANG_WARN_OBJC_LITERAL_CONVERSION = YES;
				CLANG_WARN_OBJC_ROOT_CLASS = YES_ERROR;
				CLANG_WARN_RANGE_LOOP_ANALYSIS = YES;
				CLANG_WARN_STRICT_PROTOTYPES = YES;
				CLANG_WARN_SUSPICIOUS_MOVE = YES;
				CLANG_WARN_UNGUARDED_AVAILABILITY = YES_AGGRESSIVE;
				CLANG_WARN_UNREACHABLE_CODE = YES;
				CLANG_WARN__DUPLICATE_METHOD_MATCH = YES;
				COPY_PHASE_STRIP = NO;
				DEBUG_INFORMATION_FORMAT = dwarf;
				ENABLE_STRICT_OBJC_MSGSEND = YES;
				ENABLE_TESTABILITY = YES;
				GCC_C_LANGUAGE_STANDARD = gnu11;
				GCC_DYNAMIC_NO_PIC = NO;
				GCC_NO_COMMON_BLOCKS = YES;
				GCC_OPTIMIZATION_LEVEL = 0;
				GCC_PREPROCESSOR_DEFINITIONS = (
					"DEBUG=1",
					"$(inherited)",
				);
				GCC_WARN_64_TO_32_BIT_CONVERSION = YES;
				GCC_WARN_ABOUT_RETURN_TYPE = YES_ERROR;
				GCC_WARN_UNDECLARED_SELECTOR = YES;
				GCC_WARN_UNINITIALIZED_AUTOS = YES_AGGRESSIVE;
				GCC_WARN_UNUSED_FUNCTION = YES;
				GCC_WARN_UNUSED_VARIABLE = YES;
				IPHONEOS_DEPLOYMENT_TARGET = 13.2;
				MTL_ENABLE_DEBUG_INFO = INCLUDE_SOURCE;
				MTL_FAST_MATH = YES;
				ONLY_ACTIVE_ARCH = YES;
				SDKROOT = iphoneos;
				SWIFT_ACTIVE_COMPILATION_CONDITIONS = DEBUG;
				SWIFT_OPTIMIZATION_LEVEL = "-Onone";
			};
			name = Debug;
		};
		6FDC6E3924E31B5C0014ADFC /* Release */ = {
			isa = XCBuildConfiguration;
			buildSettings = {
				ALWAYS_SEARCH_USER_PATHS = NO;
				CLANG_ANALYZER_NONNULL = YES;
				CLANG_ANALYZER_NUMBER_OBJECT_CONVERSION = YES_AGGRESSIVE;
				CLANG_CXX_LANGUAGE_STANDARD = "gnu++14";
				CLANG_CXX_LIBRARY = "libc++";
				CLANG_ENABLE_MODULES = YES;
				CLANG_ENABLE_OBJC_ARC = YES;
				CLANG_ENABLE_OBJC_WEAK = YES;
				CLANG_WARN_BLOCK_CAPTURE_AUTORELEASING = YES;
				CLANG_WARN_BOOL_CONVERSION = YES;
				CLANG_WARN_COMMA = YES;
				CLANG_WARN_CONSTANT_CONVERSION = YES;
				CLANG_WARN_DEPRECATED_OBJC_IMPLEMENTATIONS = YES;
				CLANG_WARN_DIRECT_OBJC_ISA_USAGE = YES_ERROR;
				CLANG_WARN_DOCUMENTATION_COMMENTS = YES;
				CLANG_WARN_EMPTY_BODY = YES;
				CLANG_WARN_ENUM_CONVERSION = YES;
				CLANG_WARN_INFINITE_RECURSION = YES;
				CLANG_WARN_INT_CONVERSION = YES;
				CLANG_WARN_NON_LITERAL_NULL_CONVERSION = YES;
				CLANG_WARN_OBJC_IMPLICIT_RETAIN_SELF = YES;
				CLANG_WARN_OBJC_LITERAL_CONVERSION = YES;
				CLANG_WARN_OBJC_ROOT_CLASS = YES_ERROR;
				CLANG_WARN_RANGE_LOOP_ANALYSIS = YES;
				CLANG_WARN_STRICT_PROTOTYPES = YES;
				CLANG_WARN_SUSPICIOUS_MOVE = YES;
				CLANG_WARN_UNGUARDED_AVAILABILITY = YES_AGGRESSIVE;
				CLANG_WARN_UNREACHABLE_CODE = YES;
				CLANG_WARN__DUPLICATE_METHOD_MATCH = YES;
				COPY_PHASE_STRIP = NO;
				DEBUG_INFORMATION_FORMAT = "dwarf-with-dsym";
				ENABLE_NS_ASSERTIONS = NO;
				ENABLE_STRICT_OBJC_MSGSEND = YES;
				GCC_C_LANGUAGE_STANDARD = gnu11;
				GCC_NO_COMMON_BLOCKS = YES;
				GCC_WARN_64_TO_32_BIT_CONVERSION = YES;
				GCC_WARN_ABOUT_RETURN_TYPE = YES_ERROR;
				GCC_WARN_UNDECLARED_SELECTOR = YES;
				GCC_WARN_UNINITIALIZED_AUTOS = YES_AGGRESSIVE;
				GCC_WARN_UNUSED_FUNCTION = YES;
				GCC_WARN_UNUSED_VARIABLE = YES;
				IPHONEOS_DEPLOYMENT_TARGET = 13.2;
				MTL_ENABLE_DEBUG_INFO = NO;
				MTL_FAST_MATH = YES;
				SDKROOT = iphoneos;
				SWIFT_COMPILATION_MODE = wholemodule;
				SWIFT_OPTIMIZATION_LEVEL = "-O";
				VALIDATE_PRODUCT = YES;
			};
			name = Release;
		};
		6FDC6E3B24E31B5C0014ADFC /* Debug */ = {
			isa = XCBuildConfiguration;
			buildSettings = {
				ASSETCATALOG_COMPILER_APPICON_NAME = AppIcon;
				CODE_SIGN_STYLE = Automatic;
				INFOPLIST_FILE = Akili_L_TextExercise/Info.plist;
				LD_RUNPATH_SEARCH_PATHS = (
					"$(inherited)",
					"@executable_path/Frameworks",
				);
				PRODUCT_BUNDLE_IDENTIFIER = "Akili-London.Akili-L-TextExercise";
				PRODUCT_NAME = "$(TARGET_NAME)";
				SWIFT_VERSION = 5.0;
				TARGETED_DEVICE_FAMILY = "1,2";
			};
			name = Debug;
		};
		6FDC6E3C24E31B5C0014ADFC /* Release */ = {
			isa = XCBuildConfiguration;
			buildSettings = {
				ASSETCATALOG_COMPILER_APPICON_NAME = AppIcon;
				CODE_SIGN_STYLE = Automatic;
				INFOPLIST_FILE = Akili_L_TextExercise/Info.plist;
				LD_RUNPATH_SEARCH_PATHS = (
					"$(inherited)",
					"@executable_path/Frameworks",
				);
				PRODUCT_BUNDLE_IDENTIFIER = "Akili-London.Akili-L-TextExercise";
				PRODUCT_NAME = "$(TARGET_NAME)";
				SWIFT_VERSION = 5.0;
				TARGETED_DEVICE_FAMILY = "1,2";
			};
			name = Release;
		};
		6FDC6E3E24E31B5C0014ADFC /* Debug */ = {
			isa = XCBuildConfiguration;
			buildSettings = {
				ALWAYS_EMBED_SWIFT_STANDARD_LIBRARIES = YES;
				BUNDLE_LOADER = "$(TEST_HOST)";
				CODE_SIGN_STYLE = Automatic;
				INFOPLIST_FILE = Akili_L_TextExerciseTests/Info.plist;
				IPHONEOS_DEPLOYMENT_TARGET = 13.2;
				LD_RUNPATH_SEARCH_PATHS = (
					"$(inherited)",
					"@executable_path/Frameworks",
					"@loader_path/Frameworks",
				);
				PRODUCT_BUNDLE_IDENTIFIER = "Akili-London.Akili-L-TextExerciseTests";
				PRODUCT_NAME = "$(TARGET_NAME)";
				SWIFT_VERSION = 5.0;
				TARGETED_DEVICE_FAMILY = "1,2";
				TEST_HOST = "$(BUILT_PRODUCTS_DIR)/Akili_L_TextExercise.app/Akili_L_TextExercise";
			};
			name = Debug;
		};
		6FDC6E3F24E31B5C0014ADFC /* Release */ = {
			isa = XCBuildConfiguration;
			buildSettings = {
				ALWAYS_EMBED_SWIFT_STANDARD_LIBRARIES = YES;
				BUNDLE_LOADER = "$(TEST_HOST)";
				CODE_SIGN_STYLE = Automatic;
				INFOPLIST_FILE = Akili_L_TextExerciseTests/Info.plist;
				IPHONEOS_DEPLOYMENT_TARGET = 13.2;
				LD_RUNPATH_SEARCH_PATHS = (
					"$(inherited)",
					"@executable_path/Frameworks",
					"@loader_path/Frameworks",
				);
				PRODUCT_BUNDLE_IDENTIFIER = "Akili-London.Akili-L-TextExerciseTests";
				PRODUCT_NAME = "$(TARGET_NAME)";
				SWIFT_VERSION = 5.0;
				TARGETED_DEVICE_FAMILY = "1,2";
				TEST_HOST = "$(BUILT_PRODUCTS_DIR)/Akili_L_TextExercise.app/Akili_L_TextExercise";
			};
			name = Release;
		};
		6FDC6E4124E31B5C0014ADFC /* Debug */ = {
			isa = XCBuildConfiguration;
			buildSettings = {
				ALWAYS_EMBED_SWIFT_STANDARD_LIBRARIES = YES;
				CODE_SIGN_STYLE = Automatic;
				INFOPLIST_FILE = Akili_L_TextExerciseUITests/Info.plist;
				LD_RUNPATH_SEARCH_PATHS = (
					"$(inherited)",
					"@executable_path/Frameworks",
					"@loader_path/Frameworks",
				);
				PRODUCT_BUNDLE_IDENTIFIER = "Akili-London.Akili-L-TextExerciseUITests";
				PRODUCT_NAME = "$(TARGET_NAME)";
				SWIFT_VERSION = 5.0;
				TARGETED_DEVICE_FAMILY = "1,2";
				TEST_TARGET_NAME = Akili_L_TextExercise;
			};
			name = Debug;
		};
		6FDC6E4224E31B5C0014ADFC /* Release */ = {
			isa = XCBuildConfiguration;
			buildSettings = {
				ALWAYS_EMBED_SWIFT_STANDARD_LIBRARIES = YES;
				CODE_SIGN_STYLE = Automatic;
				INFOPLIST_FILE = Akili_L_TextExerciseUITests/Info.plist;
				LD_RUNPATH_SEARCH_PATHS = (
					"$(inherited)",
					"@executable_path/Frameworks",
					"@loader_path/Frameworks",
				);
				PRODUCT_BUNDLE_IDENTIFIER = "Akili-London.Akili-L-TextExerciseUITests";
				PRODUCT_NAME = "$(TARGET_NAME)";
				SWIFT_VERSION = 5.0;
				TARGETED_DEVICE_FAMILY = "1,2";
				TEST_TARGET_NAME = Akili_L_TextExercise;
			};
			name = Release;
		};
/* End XCBuildConfiguration section */

/* Begin XCConfigurationList section */
		6FDC6E0824E31B590014ADFC /* Build configuration list for PBXProject "Akili_L_TextExercise" */ = {
			isa = XCConfigurationList;
			buildConfigurations = (
				6FDC6E3824E31B5C0014ADFC /* Debug */,
				6FDC6E3924E31B5C0014ADFC /* Release */,
			);
			defaultConfigurationIsVisible = 0;
			defaultConfigurationName = Release;
		};
		6FDC6E3A24E31B5C0014ADFC /* Build configuration list for PBXNativeTarget "Akili_L_TextExercise" */ = {
			isa = XCConfigurationList;
			buildConfigurations = (
				6FDC6E3B24E31B5C0014ADFC /* Debug */,
				6FDC6E3C24E31B5C0014ADFC /* Release */,
			);
			defaultConfigurationIsVisible = 0;
			defaultConfigurationName = Release;
		};
		6FDC6E3D24E31B5C0014ADFC /* Build configuration list for PBXNativeTarget "Akili_L_TextExerciseTests" */ = {
			isa = XCConfigurationList;
			buildConfigurations = (
				6FDC6E3E24E31B5C0014ADFC /* Debug */,
				6FDC6E3F24E31B5C0014ADFC /* Release */,
			);
			defaultConfigurationIsVisible = 0;
			defaultConfigurationName = Release;
		};
		6FDC6E4024E31B5C0014ADFC /* Build configuration list for PBXNativeTarget "Akili_L_TextExerciseUITests" */ = {
			isa = XCConfigurationList;
			buildConfigurations = (
				6FDC6E4124E31B5C0014ADFC /* Debug */,
				6FDC6E4224E31B5C0014ADFC /* Release */,
			);
			defaultConfigurationIsVisible = 0;
			defaultConfigurationName = Release;
		};
/* End XCConfigurationList section */

/* Begin XCVersionGroup section */
		6FDC6E1924E31B590014ADFC /* Akili_L_TextExercise.xcdatamodeld */ = {
			isa = XCVersionGroup;
			children = (
				6FDC6E1A24E31B590014ADFC /* Akili_L_TextExercise.xcdatamodel */,
			);
			currentVersion = 6FDC6E1A24E31B590014ADFC /* Akili_L_TextExercise.xcdatamodel */;
			path = Akili_L_TextExercise.xcdatamodeld;
			sourceTree = "<group>";
			versionGroupType = wrapper.xcdatamodel;
		};
/* End XCVersionGroup section */
	};
	rootObject = 6FDC6E0524E31B590014ADFC /* Project object */;
}
